PODS:
  - Shakuro.CommonTypes (1.1.4)
  - Shakuro.ContainerViewController (1.0.0)
  - SwiftLint (0.43.1)

DEPENDENCIES:
  - Shakuro.CommonTypes (= 1.1.4)
  - Shakuro.ContainerViewController (= 1.0.0)
  - SwiftLint (= 0.43.1)

SPEC REPOS:
  https://github.com/CocoaPods/Specs.git:
    - Shakuro.CommonTypes
    - Shakuro.ContainerViewController
    - SwiftLint

SPEC CHECKSUMS:
  Shakuro.CommonTypes: a3c3d432a2fc19e3e7971dad13aa9066d7ce5771
  Shakuro.ContainerViewController: a6ba204b640cd8428fa384d3d993ed58577b9434
  SwiftLint: 99f82d07b837b942dd563c668de129a03fc3fb52

PODFILE CHECKSUM: 68962f7fb4c35d1eb872ae2299c83690bdda94ac

COCOAPODS: 1.15.2
