// !$*UTF8*$!
{
	archiveVersion = 1;
	classes = {
	};
	objectVersion = 55;
	objects = {

/* Begin PBXBuildFile section */
		1795998B28900F71003BBBC1 /* AppDelegate.swift in Sources */ = {isa = PBXBuildFile; fileRef = 1795998A28900F71003BBBC1 /* AppDelegate.swift */; };
		1795998F28900F71003BBBC1 /* ExampleFirstViewController.swift in Sources */ = {isa = PBXBuildFile; fileRef = 1795998E28900F71003BBBC1 /* ExampleFirstViewController.swift */; };
		1795999228900F71003BBBC1 /* Main.storyboard in Resources */ = {isa = PBXBuildFile; fileRef = 1795999028900F71003BBBC1 /* Main.storyboard */; };
		1795999428900F72003BBBC1 /* Assets.xcassets in Resources */ = {isa = PBXBuildFile; fileRef = 1795999328900F72003BBBC1 /* Assets.xcassets */; };
		1795999728900F72003BBBC1 /* LaunchScreen.storyboard in Resources */ = {isa = PBXBuildFile; fileRef = 1795999528900F72003BBBC1 /* LaunchScreen.storyboard */; };
		179599A0289011D9003BBBC1 /* Router_Framework.framework in Frameworks */ = {isa = PBXBuildFile; fileRef = 1795999F289011D9003BBBC1 /* Router_Framework.framework */; };
		179599A1289011D9003BBBC1 /* Router_Framework.framework in Embed Frameworks */ = {isa = PBXBuildFile; fileRef = 1795999F289011D9003BBBC1 /* Router_Framework.framework */; settings = {ATTRIBUTES = (CodeSignOnCopy, RemoveHeadersOnCopy, ); }; };
		179599A62890183B003BBBC1 /* ExampleRouter.swift in Sources */ = {isa = PBXBuildFile; fileRef = 179599A52890183B003BBBC1 /* ExampleRouter.swift */; };
		179599A8289021FB003BBBC1 /* ExampleSecondViewController.swift in Sources */ = {isa = PBXBuildFile; fileRef = 179599A7289021FB003BBBC1 /* ExampleSecondViewController.swift */; };
		7ACEB0DD3F2C58B10FBF78A1 /* Pods_Router_Example.framework in Frameworks */ = {isa = PBXBuildFile; fileRef = 30681C4A3B3A421BF7EA6C73 /* Pods_Router_Example.framework */; };
/* End PBXBuildFile section */

/* Begin PBXCopyFilesBuildPhase section */
		179599A2289011D9003BBBC1 /* Embed Frameworks */ = {
			isa = PBXCopyFilesBuildPhase;
			buildActionMask = 2147483647;
			dstPath = "";
			dstSubfolderSpec = 10;
			files = (
				179599A1289011D9003BBBC1 /* Router_Framework.framework in Embed Frameworks */,
			);
			name = "Embed Frameworks";
			runOnlyForDeploymentPostprocessing = 0;
		};
/* End PBXCopyFilesBuildPhase section */

/* Begin PBXFileReference section */
		1795998728900F71003BBBC1 /* Router_Example.app */ = {isa = PBXFileReference; explicitFileType = wrapper.application; includeInIndex = 0; path = Router_Example.app; sourceTree = BUILT_PRODUCTS_DIR; };
		1795998A28900F71003BBBC1 /* AppDelegate.swift */ = {isa = PBXFileReference; lastKnownFileType = sourcecode.swift; path = AppDelegate.swift; sourceTree = "<group>"; };
		1795998E28900F71003BBBC1 /* ExampleFirstViewController.swift */ = {isa = PBXFileReference; lastKnownFileType = sourcecode.swift; path = ExampleFirstViewController.swift; sourceTree = "<group>"; };
		1795999128900F71003BBBC1 /* Base */ = {isa = PBXFileReference; lastKnownFileType = file.storyboard; name = Base; path = Base.lproj/Main.storyboard; sourceTree = "<group>"; };
		1795999328900F72003BBBC1 /* Assets.xcassets */ = {isa = PBXFileReference; lastKnownFileType = folder.assetcatalog; path = Assets.xcassets; sourceTree = "<group>"; };
		1795999628900F72003BBBC1 /* Base */ = {isa = PBXFileReference; lastKnownFileType = file.storyboard; name = Base; path = Base.lproj/LaunchScreen.storyboard; sourceTree = "<group>"; };
		1795999828900F72003BBBC1 /* Info.plist */ = {isa = PBXFileReference; lastKnownFileType = text.plist.xml; path = Info.plist; sourceTree = "<group>"; };
		1795999F289011D9003BBBC1 /* Router_Framework.framework */ = {isa = PBXFileReference; explicitFileType = wrapper.framework; path = Router_Framework.framework; sourceTree = BUILT_PRODUCTS_DIR; };
		179599A52890183B003BBBC1 /* ExampleRouter.swift */ = {isa = PBXFileReference; lastKnownFileType = sourcecode.swift; path = ExampleRouter.swift; sourceTree = "<group>"; };
		179599A7289021FB003BBBC1 /* ExampleSecondViewController.swift */ = {isa = PBXFileReference; lastKnownFileType = sourcecode.swift; path = ExampleSecondViewController.swift; sourceTree = "<group>"; };
		30681C4A3B3A421BF7EA6C73 /* Pods_Router_Example.framework */ = {isa = PBXFileReference; explicitFileType = wrapper.framework; includeInIndex = 0; path = Pods_Router_Example.framework; sourceTree = BUILT_PRODUCTS_DIR; };
		C91A7C6950372BEE847AD870 /* Pods-Router_Example.debug.xcconfig */ = {isa = PBXFileReference; includeInIndex = 1; lastKnownFileType = text.xcconfig; name = "Pods-Router_Example.debug.xcconfig"; path = "Target Support Files/Pods-Router_Example/Pods-Router_Example.debug.xcconfig"; sourceTree = "<group>"; };
		DFE844ECA2BEB256102E9B1E /* Pods-Router_Example.release.xcconfig */ = {isa = PBXFileReference; includeInIndex = 1; lastKnownFileType = text.xcconfig; name = "Pods-Router_Example.release.xcconfig"; path = "Target Support Files/Pods-Router_Example/Pods-Router_Example.release.xcconfig"; sourceTree = "<group>"; };
/* End PBXFileReference section */

/* Begin PBXFrameworksBuildPhase section */
		1795998428900F71003BBBC1 /* Frameworks */ = {
			isa = PBXFrameworksBuildPhase;
			buildActionMask = 2147483647;
			files = (
				179599A0289011D9003BBBC1 /* Router_Framework.framework in Frameworks */,
				7ACEB0DD3F2C58B10FBF78A1 /* Pods_Router_Example.framework in Frameworks */,
			);
			runOnlyForDeploymentPostprocessing = 0;
		};
/* End PBXFrameworksBuildPhase section */

/* Begin PBXGroup section */
		0C8B006379F7AF623B6A9B7F /* Pods */ = {
			isa = PBXGroup;
			children = (
				C91A7C6950372BEE847AD870 /* Pods-Router_Example.debug.xcconfig */,
				DFE844ECA2BEB256102E9B1E /* Pods-Router_Example.release.xcconfig */,
			);
			path = Pods;
			sourceTree = "<group>";
		};
		1795997E28900F71003BBBC1 = {
			isa = PBXGroup;
			children = (
				1795998928900F71003BBBC1 /* Router_Example */,
				1795998828900F71003BBBC1 /* Products */,
				0C8B006379F7AF623B6A9B7F /* Pods */,
				E1D4853E7544EA727280BF72 /* Frameworks */,
			);
			sourceTree = "<group>";
		};
		1795998828900F71003BBBC1 /* Products */ = {
			isa = PBXGroup;
			children = (
				1795998728900F71003BBBC1 /* Router_Example.app */,
			);
			name = Products;
			sourceTree = "<group>";
		};
		1795998928900F71003BBBC1 /* Router_Example */ = {
			isa = PBXGroup;
			children = (
				1795998A28900F71003BBBC1 /* AppDelegate.swift */,
				179599A52890183B003BBBC1 /* ExampleRouter.swift */,
				1795998E28900F71003BBBC1 /* ExampleFirstViewController.swift */,
				179599A7289021FB003BBBC1 /* ExampleSecondViewController.swift */,
				1795999028900F71003BBBC1 /* Main.storyboard */,
				1795999328900F72003BBBC1 /* Assets.xcassets */,
				1795999528900F72003BBBC1 /* LaunchScreen.storyboard */,
				1795999828900F72003BBBC1 /* Info.plist */,
			);
			path = Router_Example;
			sourceTree = "<group>";
		};
		E1D4853E7544EA727280BF72 /* Frameworks */ = {
			isa = PBXGroup;
			children = (
				1795999F289011D9003BBBC1 /* Router_Framework.framework */,
				30681C4A3B3A421BF7EA6C73 /* Pods_Router_Example.framework */,
			);
			name = Frameworks;
			sourceTree = "<group>";
		};
/* End PBXGroup section */

/* Begin PBXNativeTarget section */
		1795998628900F71003BBBC1 /* Router_Example */ = {
			isa = PBXNativeTarget;
			buildConfigurationList = 1795999B28900F72003BBBC1 /* Build configuration list for PBXNativeTarget "Router_Example" */;
			buildPhases = (
				2646228C559F7F6284E8CA67 /* [CP] Check Pods Manifest.lock */,
				1795999E28900FCD003BBBC1 /* Swiftlint */,
				1795998328900F71003BBBC1 /* Sources */,
				1795998428900F71003BBBC1 /* Frameworks */,
				1795998528900F71003BBBC1 /* Resources */,
				179599A2289011D9003BBBC1 /* Embed Frameworks */,
				4D9254CFB128A9D5807D57C5 /* [CP] Embed Pods Frameworks */,
			);
			buildRules = (
			);
			dependencies = (
			);
			name = Router_Example;
			productName = Router_Example;
			productReference = 1795998728900F71003BBBC1 /* Router_Example.app */;
			productType = "com.apple.product-type.application";
		};
/* End PBXNativeTarget section */

/* Begin PBXProject section */
		1795997F28900F71003BBBC1 /* Project object */ = {
			isa = PBXProject;
			attributes = {
				BuildIndependentTargetsInParallel = 1;
				LastSwiftUpdateCheck = 1330;
				LastUpgradeCheck = 1330;
				TargetAttributes = {
					1795998628900F71003BBBC1 = {
						CreatedOnToolsVersion = 13.3.1;
					};
				};
			};
			buildConfigurationList = 1795998228900F71003BBBC1 /* Build configuration list for PBXProject "Router_Example" */;
			compatibilityVersion = "Xcode 13.0";
			developmentRegion = en;
			hasScannedForEncodings = 0;
			knownRegions = (
				en,
				Base,
			);
			mainGroup = 1795997E28900F71003BBBC1;
			productRefGroup = 1795998828900F71003BBBC1 /* Products */;
			projectDirPath = "";
			projectRoot = "";
			targets = (
				1795998628900F71003BBBC1 /* Router_Example */,
			);
		};
/* End PBXProject section */

/* Begin PBXResourcesBuildPhase section */
		1795998528900F71003BBBC1 /* Resources */ = {
			isa = PBXResourcesBuildPhase;
			buildActionMask = 2147483647;
			files = (
				1795999728900F72003BBBC1 /* LaunchScreen.storyboard in Resources */,
				1795999428900F72003BBBC1 /* Assets.xcassets in Resources */,
				1795999228900F71003BBBC1 /* Main.storyboard in Resources */,
			);
			runOnlyForDeploymentPostprocessing = 0;
		};
/* End PBXResourcesBuildPhase section */

/* Begin PBXShellScriptBuildPhase section */
		1795999E28900FCD003BBBC1 /* Swiftlint */ = {
			isa = PBXShellScriptBuildPhase;
			buildActionMask = 2147483647;
			files = (
			);
			inputFileListPaths = (
			);
			inputPaths = (
			);
			name = Swiftlint;
			outputFileListPaths = (
			);
			outputPaths = (
			);
			runOnlyForDeploymentPostprocessing = 0;
			shellPath = /bin/sh;
			shellScript = "#debug log\nset -x\n\n${PODS_ROOT}/SwiftLint/swiftlint\n";
		};
		2646228C559F7F6284E8CA67 /* [CP] Check Pods Manifest.lock */ = {
			isa = PBXShellScriptBuildPhase;
			buildActionMask = 2147483647;
			files = (
			);
			inputFileListPaths = (
			);
			inputPaths = (
				"${PODS_PODFILE_DIR_PATH}/Podfile.lock",
				"${PODS_ROOT}/Manifest.lock",
			);
			name = "[CP] Check Pods Manifest.lock";
			outputFileListPaths = (
			);
			outputPaths = (
				"$(DERIVED_FILE_DIR)/Pods-Router_Example-checkManifestLockResult.txt",
			);
			runOnlyForDeploymentPostprocessing = 0;
			shellPath = /bin/sh;
			shellScript = "diff \"${PODS_PODFILE_DIR_PATH}/Podfile.lock\" \"${PODS_ROOT}/Manifest.lock\" > /dev/null\nif [ $? != 0 ] ; then\n    # print error to STDERR\n    echo \"error: The sandbox is not in sync with the Podfile.lock. Run 'pod install' or update your CocoaPods installation.\" >&2\n    exit 1\nfi\n# This output is used by Xcode 'outputs' to avoid re-running this script phase.\necho \"SUCCESS\" > \"${SCRIPT_OUTPUT_FILE_0}\"\n";
			showEnvVarsInLog = 0;
		};
		4D9254CFB128A9D5807D57C5 /* [CP] Embed Pods Frameworks */ = {
			isa = PBXShellScriptBuildPhase;
			buildActionMask = 2147483647;
			files = (
			);
			inputFileListPaths = (
				"${PODS_ROOT}/Target Support Files/Pods-Router_Example/Pods-Router_Example-frameworks-${CONFIGURATION}-input-files.xcfilelist",
			);
			name = "[CP] Embed Pods Frameworks";
			outputFileListPaths = (
				"${PODS_ROOT}/Target Support Files/Pods-Router_Example/Pods-Router_Example-frameworks-${CONFIGURATION}-output-files.xcfilelist",
			);
			runOnlyForDeploymentPostprocessing = 0;
			shellPath = /bin/sh;
			shellScript = "\"${PODS_ROOT}/Target Support Files/Pods-Router_Example/Pods-Router_Example-frameworks.sh\"\n";
			showEnvVarsInLog = 0;
		};
/* End PBXShellScriptBuildPhase section */

/* Begin PBXSourcesBuildPhase section */
		1795998328900F71003BBBC1 /* Sources */ = {
			isa = PBXSourcesBuildPhase;
			buildActionMask = 2147483647;
			files = (
				1795998F28900F71003BBBC1 /* ExampleFirstViewController.swift in Sources */,
				1795998B28900F71003BBBC1 /* AppDelegate.swift in Sources */,
				179599A8289021FB003BBBC1 /* ExampleSecondViewController.swift in Sources */,
				179599A62890183B003BBBC1 /* ExampleRouter.swift in Sources */,
			);
			runOnlyForDeploymentPostprocessing = 0;
		};
/* End PBXSourcesBuildPhase section */

/* Begin PBXVariantGroup section */
		1795999028900F71003BBBC1 /* Main.storyboard */ = {
			isa = PBXVariantGroup;
			children = (
				1795999128900F71003BBBC1 /* Base */,
			);
			name = Main.storyboard;
			sourceTree = "<group>";
		};
		1795999528900F72003BBBC1 /* LaunchScreen.storyboard */ = {
			isa = PBXVariantGroup;
			children = (
				1795999628900F72003BBBC1 /* Base */,
			);
			name = LaunchScreen.storyboard;
			sourceTree = "<group>";
		};
/* End PBXVariantGroup section */

/* Begin XCBuildConfiguration section */
		1795999928900F72003BBBC1 /* Debug */ = {
			isa = XCBuildConfiguration;
			buildSettings = {
				ALWAYS_SEARCH_USER_PATHS = NO;
				CLANG_ANALYZER_NONNULL = YES;
				CLANG_ANALYZER_NUMBER_OBJECT_CONVERSION = YES_AGGRESSIVE;
				CLANG_CXX_LANGUAGE_STANDARD = "gnu++17";
				CLANG_ENABLE_MODULES = YES;
				CLANG_ENABLE_OBJC_ARC = YES;
				CLANG_ENABLE_OBJC_WEAK = YES;
				CLANG_WARN_BLOCK_CAPTURE_AUTORELEASING = YES;
				CLANG_WARN_BOOL_CONVERSION = YES;
				CLANG_WARN_COMMA = YES;
				CLANG_WARN_CONSTANT_CONVERSION = YES;
				CLANG_WARN_DEPRECATED_OBJC_IMPLEMENTATIONS = YES;
				CLANG_WARN_DIRECT_OBJC_ISA_USAGE = YES_ERROR;
				CLANG_WARN_DOCUMENTATION_COMMENTS = YES;
				CLANG_WARN_EMPTY_BODY = YES;
				CLANG_WARN_ENUM_CONVERSION = YES;
				CLANG_WARN_INFINITE_RECURSION = YES;
				CLANG_WARN_INT_CONVERSION = YES;
				CLANG_WARN_NON_LITERAL_NULL_CONVERSION = YES;
				CLANG_WARN_OBJC_IMPLICIT_RETAIN_SELF = YES;
				CLANG_WARN_OBJC_LITERAL_CONVERSION = YES;
				CLANG_WARN_OBJC_ROOT_CLASS = YES_ERROR;
				CLANG_WARN_QUOTED_INCLUDE_IN_FRAMEWORK_HEADER = YES;
				CLANG_WARN_RANGE_LOOP_ANALYSIS = YES;
				CLANG_WARN_STRICT_PROTOTYPES = YES;
				CLANG_WARN_SUSPICIOUS_MOVE = YES;
				CLANG_WARN_UNGUARDED_AVAILABILITY = YES_AGGRESSIVE;
				CLANG_WARN_UNREACHABLE_CODE = YES;
				CLANG_WARN__DUPLICATE_METHOD_MATCH = YES;
				COPY_PHASE_STRIP = NO;
				DEBUG_INFORMATION_FORMAT = dwarf;
				ENABLE_STRICT_OBJC_MSGSEND = YES;
				ENABLE_TESTABILITY = YES;
				GCC_C_LANGUAGE_STANDARD = gnu11;
				GCC_DYNAMIC_NO_PIC = NO;
				GCC_NO_COMMON_BLOCKS = YES;
				GCC_OPTIMIZATION_LEVEL = 0;
				GCC_PREPROCESSOR_DEFINITIONS = (
					"DEBUG=1",
					"$(inherited)",
				);
				GCC_WARN_64_TO_32_BIT_CONVERSION = YES;
				GCC_WARN_ABOUT_RETURN_TYPE = YES_ERROR;
				GCC_WARN_UNDECLARED_SELECTOR = YES;
				GCC_WARN_UNINITIALIZED_AUTOS = YES_AGGRESSIVE;
				GCC_WARN_UNUSED_FUNCTION = YES;
				GCC_WARN_UNUSED_VARIABLE = YES;
				IPHONEOS_DEPLOYMENT_TARGET = 15.0;
				MTL_ENABLE_DEBUG_INFO = INCLUDE_SOURCE;
				MTL_FAST_MATH = YES;
				ONLY_ACTIVE_ARCH = YES;
				SDKROOT = iphoneos;
				SWIFT_ACTIVE_COMPILATION_CONDITIONS = DEBUG;
				SWIFT_OPTIMIZATION_LEVEL = "-Onone";
			};
			name = Debug;
		};
		1795999A28900F72003BBBC1 /* Release */ = {
			isa = XCBuildConfiguration;
			buildSettings = {
				ALWAYS_SEARCH_USER_PATHS = NO;
				CLANG_ANALYZER_NONNULL = YES;
				CLANG_ANALYZER_NUMBER_OBJECT_CONVERSION = YES_AGGRESSIVE;
				CLANG_CXX_LANGUAGE_STANDARD = "gnu++17";
				CLANG_ENABLE_MODULES = YES;
				CLANG_ENABLE_OBJC_ARC = YES;
				CLANG_ENABLE_OBJC_WEAK = YES;
				CLANG_WARN_BLOCK_CAPTURE_AUTORELEASING = YES;
				CLANG_WARN_BOOL_CONVERSION = YES;
				CLANG_WARN_COMMA = YES;
				CLANG_WARN_CONSTANT_CONVERSION = YES;
				CLANG_WARN_DEPRECATED_OBJC_IMPLEMENTATIONS = YES;
				CLANG_WARN_DIRECT_OBJC_ISA_USAGE = YES_ERROR;
				CLANG_WARN_DOCUMENTATION_COMMENTS = YES;
				CLANG_WARN_EMPTY_BODY = YES;
				CLANG_WARN_ENUM_CONVERSION = YES;
				CLANG_WARN_INFINITE_RECURSION = YES;
				CLANG_WARN_INT_CONVERSION = YES;
				CLANG_WARN_NON_LITERAL_NULL_CONVERSION = YES;
				CLANG_WARN_OBJC_IMPLICIT_RETAIN_SELF = YES;
				CLANG_WARN_OBJC_LITERAL_CONVERSION = YES;
				CLANG_WARN_OBJC_ROOT_CLASS = YES_ERROR;
				CLANG_WARN_QUOTED_INCLUDE_IN_FRAMEWORK_HEADER = YES;
				CLANG_WARN_RANGE_LOOP_ANALYSIS = YES;
				CLANG_WARN_STRICT_PROTOTYPES = YES;
				CLANG_WARN_SUSPICIOUS_MOVE = YES;
				CLANG_WARN_UNGUARDED_AVAILABILITY = YES_AGGRESSIVE;
				CLANG_WARN_UNREACHABLE_CODE = YES;
				CLANG_WARN__DUPLICATE_METHOD_MATCH = YES;
				COPY_PHASE_STRIP = NO;
				DEBUG_INFORMATION_FORMAT = "dwarf-with-dsym";
				ENABLE_NS_ASSERTIONS = NO;
				ENABLE_STRICT_OBJC_MSGSEND = YES;
				GCC_C_LANGUAGE_STANDARD = gnu11;
				GCC_NO_COMMON_BLOCKS = YES;
				GCC_WARN_64_TO_32_BIT_CONVERSION = YES;
				GCC_WARN_ABOUT_RETURN_TYPE = YES_ERROR;
				GCC_WARN_UNDECLARED_SELECTOR = YES;
				GCC_WARN_UNINITIALIZED_AUTOS = YES_AGGRESSIVE;
				GCC_WARN_UNUSED_FUNCTION = YES;
				GCC_WARN_UNUSED_VARIABLE = YES;
				IPHONEOS_DEPLOYMENT_TARGET = 15.0;
				MTL_ENABLE_DEBUG_INFO = NO;
				MTL_FAST_MATH = YES;
				SDKROOT = iphoneos;
				SWIFT_COMPILATION_MODE = wholemodule;
				SWIFT_OPTIMIZATION_LEVEL = "-O";
				VALIDATE_PRODUCT = YES;
			};
			name = Release;
		};
		1795999C28900F72003BBBC1 /* Debug */ = {
			isa = XCBuildConfiguration;
			baseConfigurationReference = C91A7C6950372BEE847AD870 /* Pods-Router_Example.debug.xcconfig */;
			buildSettings = {
				ASSETCATALOG_COMPILER_APPICON_NAME = AppIcon;
				ASSETCATALOG_COMPILER_GLOBAL_ACCENT_COLOR_NAME = AccentColor;
				CODE_SIGN_STYLE = Automatic;
				CURRENT_PROJECT_VERSION = 1;
				DEVELOPMENT_TEAM = MW2UF479VW;
				GENERATE_INFOPLIST_FILE = YES;
				INFOPLIST_FILE = Router_Example/Info.plist;
				INFOPLIST_KEY_UIApplicationSupportsIndirectInputEvents = YES;
				INFOPLIST_KEY_UILaunchStoryboardName = LaunchScreen;
				INFOPLIST_KEY_UIMainStoryboardFile = Main;
				INFOPLIST_KEY_UISupportedInterfaceOrientations = "UIInterfaceOrientationPortrait UIInterfaceOrientationLandscapeLeft UIInterfaceOrientationLandscapeRight";
				INFOPLIST_KEY_UISupportedInterfaceOrientations_iPad = "UIInterfaceOrientationPortrait UIInterfaceOrientationPortraitUpsideDown UIInterfaceOrientationLandscapeLeft UIInterfaceOrientationLandscapeRight";
				INFOPLIST_KEY_UISupportedInterfaceOrientations_iPhone = "UIInterfaceOrientationPortrait UIInterfaceOrientationLandscapeLeft UIInterfaceOrientationLandscapeRight";
				LD_RUNPATH_SEARCH_PATHS = (
					"$(inherited)",
					"@executable_path/Frameworks",
				);
				MARKETING_VERSION = 1.0;
				PRODUCT_BUNDLE_IDENTIFIER = "com.shakuro.Router-Example";
				PRODUCT_NAME = "$(TARGET_NAME)";
				SWIFT_EMIT_LOC_STRINGS = YES;
				SWIFT_VERSION = 5.0;
				TARGETED_DEVICE_FAMILY = "1,2";
			};
			name = Debug;
		};
		1795999D28900F72003BBBC1 /* Release */ = {
			isa = XCBuildConfiguration;
			baseConfigurationReference = DFE844ECA2BEB256102E9B1E /* Pods-Router_Example.release.xcconfig */;
			buildSettings = {
				ASSETCATALOG_COMPILER_APPICON_NAME = AppIcon;
				ASSETCATALOG_COMPILER_GLOBAL_ACCENT_COLOR_NAME = AccentColor;
				CODE_SIGN_STYLE = Automatic;
				CURRENT_PROJECT_VERSION = 1;
				DEVELOPMENT_TEAM = MW2UF479VW;
				GENERATE_INFOPLIST_FILE = YES;
				INFOPLIST_FILE = Router_Example/Info.plist;
				INFOPLIST_KEY_UIApplicationSupportsIndirectInputEvents = YES;
				INFOPLIST_KEY_UILaunchStoryboardName = LaunchScreen;
				INFOPLIST_KEY_UIMainStoryboardFile = Main;
				INFOPLIST_KEY_UISupportedInterfaceOrientations = "UIInterfaceOrientationPortrait UIInterfaceOrientationLandscapeLeft UIInterfaceOrientationLandscapeRight";
				INFOPLIST_KEY_UISupportedInterfaceOrientations_iPad = "UIInterfaceOrientationPortrait UIInterfaceOrientationPortraitUpsideDown UIInterfaceOrientationLandscapeLeft UIInterfaceOrientationLandscapeRight";
				INFOPLIST_KEY_UISupportedInterfaceOrientations_iPhone = "UIInterfaceOrientationPortrait UIInterfaceOrientationLandscapeLeft UIInterfaceOrientationLandscapeRight";
				LD_RUNPATH_SEARCH_PATHS = (
					"$(inherited)",
					"@executable_path/Frameworks",
				);
				MARKETING_VERSION = 1.0;
				PRODUCT_BUNDLE_IDENTIFIER = "com.shakuro.Router-Example";
				PRODUCT_NAME = "$(TARGET_NAME)";
				SWIFT_EMIT_LOC_STRINGS = YES;
				SWIFT_VERSION = 5.0;
				TARGETED_DEVICE_FAMILY = "1,2";
			};
			name = Release;
		};
/* End XCBuildConfiguration section */

/* Begin XCConfigurationList section */
		1795998228900F71003BBBC1 /* Build configuration list for PBXProject "Router_Example" */ = {
			isa = XCConfigurationList;
			buildConfigurations = (
				1795999928900F72003BBBC1 /* Debug */,
				1795999A28900F72003BBBC1 /* Release */,
			);
			defaultConfigurationIsVisible = 0;
			defaultConfigurationName = Release;
		};
		1795999B28900F72003BBBC1 /* Build configuration list for PBXNativeTarget "Router_Example" */ = {
			isa = XCConfigurationList;
			buildConfigurations = (
				1795999C28900F72003BBBC1 /* Debug */,
				1795999D28900F72003BBBC1 /* Release */,
			);
			defaultConfigurationIsVisible = 0;
			defaultConfigurationName = Release;
		};
/* End XCConfigurationList section */
	};
	rootObject = 1795997F28900F71003BBBC1 /* Project object */;
}
